Microsoft Visual Studio Solution File, Format Version 11.00
# Visual Studio 2008

Project("{0122F38A-8C78-E7DC-0E6B-3BE91660B1EB}") = "EgalCar", "Assembly-CSharp-firstpass.csproj", "{0298BA5E-10C2-D61F-6456-086DDFC1079B}"
EndProject
Project("{0122F38A-8C78-E7DC-0E6B-3BE91660B1EB}") = "EgalCar", "Assembly-CSharp.csproj", "{BC378437-DBE4-33C4-F34F-59D22B6296B5}"
EndProject
Project("{0122F38A-8C78-E7DC-0E6B-3BE91660B1EB}") = "EgalCar", "Assembly-UnityScript-firstpass.unityproj", "{E2EC9257-BA99-ACE1-B3F6-E2FB30A052AD}"
EndProject
Project("{0122F38A-8C78-E7DC-0E6B-3BE91660B1EB}") = "EgalCar", "Assembly-UnityScript.unityproj", "{73706DF3-14B3-3A16-13B5-3BE3F01B2CB9}"
EndProject
Global
	GlobalSection(SolutionConfigurationPlatforms) = preSolution
		Debug|Any CPU = Debug|Any CPU
		Release|Any CPU = Release|Any CPU
	EndGlobalSection
	GlobalSection(ProjectConfigurationPlatforms) = postSolution
		{0298BA5E-10C2-D61F-6456-086DDFC1079B}.Debug|Any CPU.ActiveCfg = Debug|Any CPU
		{0298BA5E-10C2-D61F-6456-086DDFC1079B}.Debug|Any CPU.Build.0 = Debug|Any CPU
		{0298BA5E-10C2-D61F-6456-086DDFC1079B}.Release|Any CPU.ActiveCfg = Release|Any CPU
		{0298BA5E-10C2-D61F-6456-086DDFC1079B}.Release|Any CPU.Build.0 = Release|Any CPU
		{BC378437-DBE4-33C4-F34F-59D22B6296B5}.Debug|Any CPU.ActiveCfg = Debug|Any CPU
		{BC378437-DBE4-33C4-F34F-59D22B6296B5}.Debug|Any CPU.Build.0 = Debug|Any CPU
		{BC378437-DBE4-33C4-F34F-59D22B6296B5}.Release|Any CPU.ActiveCfg = Release|Any CPU
		{BC378437-DBE4-33C4-F34F-59D22B6296B5}.Release|Any CPU.Build.0 = Release|Any CPU
		{E2EC9257-BA99-ACE1-B3F6-E2FB30A052AD}.Debug|Any CPU.ActiveCfg = Debug|Any CPU
		{E2EC9257-BA99-ACE1-B3F6-E2FB30A052AD}.Debug|Any CPU.Build.0 = Debug|Any CPU
		{E2EC9257-BA99-ACE1-B3F6-E2FB30A052AD}.Release|Any CPU.ActiveCfg = Release|Any CPU
		{E2EC9257-BA99-ACE1-B3F6-E2FB30A052AD}.Release|Any CPU.Build.0 = Release|Any CPU
		{73706DF3-14B3-3A16-13B5-3BE3F01B2CB9}.Debug|Any CPU.ActiveCfg = Debug|Any CPU
		{73706DF3-14B3-3A16-13B5-3BE3F01B2CB9}.Debug|Any CPU.Build.0 = Debug|Any CPU
		{73706DF3-14B3-3A16-13B5-3BE3F01B2CB9}.Release|Any CPU.ActiveCfg = Release|Any CPU
		{73706DF3-14B3-3A16-13B5-3BE3F01B2CB9}.Release|Any CPU.Build.0 = Release|Any CPU
	EndGlobalSection
	GlobalSection(SolutionProperties) = preSolution
		HideSolutionNode = FALSE
	EndGlobalSection
																			GlobalSection(MonoDevelopProperties) = preSolution
		StartupItem = Assembly-CSharp.csproj
		Policies = $0
		$0.TextStylePolicy = $1
		$1.inheritsSet = null
		$1.scope = text/x-csharp
		$0.CSharpFormattingPolicy = $2
		$2.inheritsSet = Mono
		$2.inheritsScope = text/x-csharp
		$2.scope = text/x-csharp
		$0.TextStylePolicy = $3
		$3.FileWidth = 120
		$3.TabWidth = 4
		$3.EolMarker = Unix
		$3.inheritsSet = Mono
		$3.inheritsScope = text/plain
		$3.scope = text/plain
	EndGlobalSection

EndGlobal
